// !$*UTF8*$!
{
	archiveVersion = 1;
	classes = {
	};
	objectVersion = 55;
	objects = {

/* Begin PBXBuildFile section */
		3B02610327CF0E77009C7C51 /* AppDelegate.swift in Sources */ = {isa = PBXBuildFile; fileRef = 3B02610227CF0E77009C7C51 /* AppDelegate.swift */; };
		3B02610527CF0E77009C7C51 /* SceneDelegate.swift in Sources */ = {isa = PBXBuildFile; fileRef = 3B02610427CF0E77009C7C51 /* SceneDelegate.swift */; };
		3B02610727CF0E77009C7C51 /* ViewController.swift in Sources */ = {isa = PBXBuildFile; fileRef = 3B02610627CF0E77009C7C51 /* ViewController.swift */; };
		3B02610A27CF0E77009C7C51 /* Main.storyboard in Resources */ = {isa = PBXBuildFile; fileRef = 3B02610827CF0E77009C7C51 /* Main.storyboard */; };
		3B02610C27CF0E78009C7C51 /* Assets.xcassets in Resources */ = {isa = PBXBuildFile; fileRef = 3B02610B27CF0E78009C7C51 /* Assets.xcassets */; };
		3B02610F27CF0E78009C7C51 /* LaunchScreen.storyboard in Resources */ = {isa = PBXBuildFile; fileRef = 3B02610D27CF0E78009C7C51 /* LaunchScreen.storyboard */; };
		3B02611A27CF0E78009C7C51 /* Instagram_cloneTests.swift in Sources */ = {isa = PBXBuildFile; fileRef = 3B02611927CF0E78009C7C51 /* Instagram_cloneTests.swift */; };
		3B02612427CF0E78009C7C51 /* Instagram_cloneUITests.swift in Sources */ = {isa = PBXBuildFile; fileRef = 3B02612327CF0E78009C7C51 /* Instagram_cloneUITests.swift */; };
		3B02612627CF0E78009C7C51 /* Instagram_cloneUITestsLaunchTests.swift in Sources */ = {isa = PBXBuildFile; fileRef = 3B02612527CF0E78009C7C51 /* Instagram_cloneUITestsLaunchTests.swift */; };
/* End PBXBuildFile section */

/* Begin PBXContainerItemProxy section */
		3B02611627CF0E78009C7C51 /* PBXContainerItemProxy */ = {
			isa = PBXContainerItemProxy;
			containerPortal = 3B0260F727CF0E77009C7C51 /* Project object */;
			proxyType = 1;
			remoteGlobalIDString = 3B0260FE27CF0E77009C7C51;
			remoteInfo = Instagram_clone;
		};
		3B02612027CF0E78009C7C51 /* PBXContainerItemProxy */ = {
			isa = PBXContainerItemProxy;
			containerPortal = 3B0260F727CF0E77009C7C51 /* Project object */;
			proxyType = 1;
			remoteGlobalIDString = 3B0260FE27CF0E77009C7C51;
			remoteInfo = Instagram_clone;
		};
/* End PBXContainerItemProxy section */

/* Begin PBXFileReference section */
		3B0260FF27CF0E77009C7C51 /* Instagram_clone.app */ = {isa = PBXFileReference; explicitFileType = wrapper.application; includeInIndex = 0; path = Instagram_clone.app; sourceTree = BUILT_PRODUCTS_DIR; };
		3B02610227CF0E77009C7C51 /* AppDelegate.swift */ = {isa = PBXFileReference; lastKnownFileType = sourcecode.swift; path = AppDelegate.swift; sourceTree = "<group>"; };
		3B02610427CF0E77009C7C51 /* SceneDelegate.swift */ = {isa = PBXFileReference; lastKnownFileType = sourcecode.swift; path = SceneDelegate.swift; sourceTree = "<group>"; };
		3B02610627CF0E77009C7C51 /* ViewController.swift */ = {isa = PBXFileReference; lastKnownFileType = sourcecode.swift; path = ViewController.swift; sourceTree = "<group>"; };
		3B02610927CF0E77009C7C51 /* Base */ = {isa = PBXFileReference; lastKnownFileType = file.storyboard; name = Base; path = Base.lproj/Main.storyboard; sourceTree = "<group>"; };
		3B02610B27CF0E78009C7C51 /* Assets.xcassets */ = {isa = PBXFileReference; lastKnownFileType = folder.assetcatalog; path = Assets.xcassets; sourceTree = "<group>"; };
		3B02610E27CF0E78009C7C51 /* Base */ = {isa = PBXFileReference; lastKnownFileType = file.storyboard; name = Base; path = Base.lproj/LaunchScreen.storyboard; sourceTree = "<group>"; };
		3B02611027CF0E78009C7C51 /* Info.plist */ = {isa = PBXFileReference; lastKnownFileType = text.plist.xml; path = Info.plist; sourceTree = "<group>"; };
		3B02611527CF0E78009C7C51 /* Instagram_cloneTests.xctest */ = {isa = PBXFileReference; explicitFileType = wrapper.cfbundle; includeInIndex = 0; path = Instagram_cloneTests.xctest; sourceTree = BUILT_PRODUCTS_DIR; };
		3B02611927CF0E78009C7C51 /* Instagram_cloneTests.swift */ = {isa = PBXFileReference; lastKnownFileType = sourcecode.swift; path = Instagram_cloneTests.swift; sourceTree = "<group>"; };
		3B02611F27CF0E78009C7C51 /* Instagram_cloneUITests.xctest */ = {isa = PBXFileReference; explicitFileType = wrapper.cfbundle; includeInIndex = 0; path = Instagram_cloneUITests.xctest; sourceTree = BUILT_PRODUCTS_DIR; };
		3B02612327CF0E78009C7C51 /* Instagram_cloneUITests.swift */ = {isa = PBXFileReference; lastKnownFileType = sourcecode.swift; path = Instagram_cloneUITests.swift; sourceTree = "<group>"; };
		3B02612527CF0E78009C7C51 /* Instagram_cloneUITestsLaunchTests.swift */ = {isa = PBXFileReference; lastKnownFileType = sourcecode.swift; path = Instagram_cloneUITestsLaunchTests.swift; sourceTree = "<group>"; };
/* End PBXFileReference section */

/* Begin PBXFrameworksBuildPhase section */
		3B0260FC27CF0E77009C7C51 /* Frameworks */ = {
			isa = PBXFrameworksBuildPhase;
			buildActionMask = 2147483647;
			files = (
			);
			runOnlyForDeploymentPostprocessing = 0;
		};
		3B02611227CF0E78009C7C51 /* Frameworks */ = {
			isa = PBXFrameworksBuildPhase;
			buildActionMask = 2147483647;
			files = (
			);
			runOnlyForDeploymentPostprocessing = 0;
		};
		3B02611C27CF0E78009C7C51 /* Frameworks */ = {
			isa = PBXFrameworksBuildPhase;
			buildActionMask = 2147483647;
			files = (
			);
			runOnlyForDeploymentPostprocessing = 0;
		};
/* End PBXFrameworksBuildPhase section */

/* Begin PBXGroup section */
		3B0260F627CF0E77009C7C51 = {
			isa = PBXGroup;
			children = (
				3B02610127CF0E77009C7C51 /* Instagram_clone */,
				3B02611827CF0E78009C7C51 /* Instagram_cloneTests */,
				3B02612227CF0E78009C7C51 /* Instagram_cloneUITests */,
				3B02610027CF0E77009C7C51 /* Products */,
			);
			sourceTree = "<group>";
		};
		3B02610027CF0E77009C7C51 /* Products */ = {
			isa = PBXGroup;
			children = (
				3B0260FF27CF0E77009C7C51 /* Instagram_clone.app */,
				3B02611527CF0E78009C7C51 /* Instagram_cloneTests.xctest */,
				3B02611F27CF0E78009C7C51 /* Instagram_cloneUITests.xctest */,
			);
			name = Products;
			sourceTree = "<group>";
		};
		3B02610127CF0E77009C7C51 /* Instagram_clone */ = {
			isa = PBXGroup;
			children = (
				3B02610227CF0E77009C7C51 /* AppDelegate.swift */,
				3B02610427CF0E77009C7C51 /* SceneDelegate.swift */,
				3B02610627CF0E77009C7C51 /* ViewController.swift */,
				3B02610827CF0E77009C7C51 /* Main.storyboard */,
				3B02610B27CF0E78009C7C51 /* Assets.xcassets */,
				3B02610D27CF0E78009C7C51 /* LaunchScreen.storyboard */,
				3B02611027CF0E78009C7C51 /* Info.plist */,
			);
			path = Instagram_clone;
			sourceTree = "<group>";
		};
		3B02611827CF0E78009C7C51 /* Instagram_cloneTests */ = {
			isa = PBXGroup;
			children = (
				3B02611927CF0E78009C7C51 /* Instagram_cloneTests.swift */,
			);
			path = Instagram_cloneTests;
			sourceTree = "<group>";
		};
		3B02612227CF0E78009C7C51 /* Instagram_cloneUITests */ = {
			isa = PBXGroup;
			children = (
				3B02612327CF0E78009C7C51 /* Instagram_cloneUITests.swift */,
				3B02612527CF0E78009C7C51 /* Instagram_cloneUITestsLaunchTests.swift */,
			);
			path = Instagram_cloneUITests;
			sourceTree = "<group>";
		};
/* End PBXGroup section */

/* Begin PBXNativeTarget section */
		3B0260FE27CF0E77009C7C51 /* Instagram_clone */ = {
			isa = PBXNativeTarget;
			buildConfigurationList = 3B02612927CF0E78009C7C51 /* Build configuration list for PBXNativeTarget "Instagram_clone" */;
			buildPhases = (
				3B0260FB27CF0E77009C7C51 /* Sources */,
				3B0260FC27CF0E77009C7C51 /* Frameworks */,
				3B0260FD27CF0E77009C7C51 /* Resources */,
			);
			buildRules = (
			);
			dependencies = (
			);
			name = Instagram_clone;
			productName = Instagram_clone;
			productReference = 3B0260FF27CF0E77009C7C51 /* Instagram_clone.app */;
			productType = "com.apple.product-type.application";
		};
		3B02611427CF0E78009C7C51 /* Instagram_cloneTests */ = {
			isa = PBXNativeTarget;
			buildConfigurationList = 3B02612C27CF0E78009C7C51 /* Build configuration list for PBXNativeTarget "Instagram_cloneTests" */;
			buildPhases = (
				3B02611127CF0E78009C7C51 /* Sources */,
				3B02611227CF0E78009C7C51 /* Frameworks */,
				3B02611327CF0E78009C7C51 /* Resources */,
			);
			buildRules = (
			);
			dependencies = (
				3B02611727CF0E78009C7C51 /* PBXTargetDependency */,
			);
			name = Instagram_cloneTests;
			productName = Instagram_cloneTests;
			productReference = 3B02611527CF0E78009C7C51 /* Instagram_cloneTests.xctest */;
			productType = "com.apple.product-type.bundle.unit-test";
		};
		3B02611E27CF0E78009C7C51 /* Instagram_cloneUITests */ = {
			isa = PBXNativeTarget;
			buildConfigurationList = 3B02612F27CF0E78009C7C51 /* Build configuration list for PBXNativeTarget "Instagram_cloneUITests" */;
			buildPhases = (
				3B02611B27CF0E78009C7C51 /* Sources */,
				3B02611C27CF0E78009C7C51 /* Frameworks */,
				3B02611D27CF0E78009C7C51 /* Resources */,
			);
			buildRules = (
			);
			dependencies = (
				3B02612127CF0E78009C7C51 /* PBXTargetDependency */,
			);
			name = Instagram_cloneUITests;
			productName = Instagram_cloneUITests;
			productReference = 3B02611F27CF0E78009C7C51 /* Instagram_cloneUITests.xctest */;
			productType = "com.apple.product-type.bundle.ui-testing";
		};
/* End PBXNativeTarget section */

/* Begin PBXProject section */
		3B0260F727CF0E77009C7C51 /* Project object */ = {
			isa = PBXProject;
			attributes = {
				BuildIndependentTargetsInParallel = 1;
				LastSwiftUpdateCheck = 1310;
				LastUpgradeCheck = 1310;
				TargetAttributes = {
					3B0260FE27CF0E77009C7C51 = {
						CreatedOnToolsVersion = 13.1;
					};
					3B02611427CF0E78009C7C51 = {
						CreatedOnToolsVersion = 13.1;
						TestTargetID = 3B0260FE27CF0E77009C7C51;
					};
					3B02611E27CF0E78009C7C51 = {
						CreatedOnToolsVersion = 13.1;
						TestTargetID = 3B0260FE27CF0E77009C7C51;
					};
				};
			};
			buildConfigurationList = 3B0260FA27CF0E77009C7C51 /* Build configuration list for PBXProject "Instagram_clone" */;
			compatibilityVersion = "Xcode 13.0";
			developmentRegion = en;
			hasScannedForEncodings = 0;
			knownRegions = (
				en,
				Base,
			);
			mainGroup = 3B0260F627CF0E77009C7C51;
			productRefGroup = 3B02610027CF0E77009C7C51 /* Products */;
			projectDirPath = "";
			projectRoot = "";
			targets = (
				3B0260FE27CF0E77009C7C51 /* Instagram_clone */,
				3B02611427CF0E78009C7C51 /* Instagram_cloneTests */,
				3B02611E27CF0E78009C7C51 /* Instagram_cloneUITests */,
			);
		};
/* End PBXProject section */

/* Begin PBXResourcesBuildPhase section */
		3B0260FD27CF0E77009C7C51 /* Resources */ = {
			isa = PBXResourcesBuildPhase;
			buildActionMask = 2147483647;
			files = (
				3B02610F27CF0E78009C7C51 /* LaunchScreen.storyboard in Resources */,
				3B02610C27CF0E78009C7C51 /* Assets.xcassets in Resources */,
				3B02610A27CF0E77009C7C51 /* Main.storyboard in Resources */,
			);
			runOnlyForDeploymentPostprocessing = 0;
		};
		3B02611327CF0E78009C7C51 /* Resources */ = {
			isa = PBXResourcesBuildPhase;
			buildActionMask = 2147483647;
			files = (
			);
			runOnlyForDeploymentPostprocessing = 0;
		};
		3B02611D27CF0E78009C7C51 /* Resources */ = {
			isa = PBXResourcesBuildPhase;
			buildActionMask = 2147483647;
			files = (
			);
			runOnlyForDeploymentPostprocessing = 0;
		};
/* End PBXResourcesBuildPhase section */

/* Begin PBXSourcesBuildPhase section */
		3B0260FB27CF0E77009C7C51 /* Sources */ = {
			isa = PBXSourcesBuildPhase;
			buildActionMask = 2147483647;
			files = (
				3B02610727CF0E77009C7C51 /* ViewController.swift in Sources */,
				3B02610327CF0E77009C7C51 /* AppDelegate.swift in Sources */,
				3B02610527CF0E77009C7C51 /* SceneDelegate.swift in Sources */,
			);
			runOnlyForDeploymentPostprocessing = 0;
		};
		3B02611127CF0E78009C7C51 /* Sources */ = {
			isa = PBXSourcesBuildPhase;
			buildActionMask = 2147483647;
			files = (
				3B02611A27CF0E78009C7C51 /* Instagram_cloneTests.swift in Sources */,
			);
			runOnlyForDeploymentPostprocessing = 0;
		};
		3B02611B27CF0E78009C7C51 /* Sources */ = {
			isa = PBXSourcesBuildPhase;
			buildActionMask = 2147483647;
			files = (
				3B02612427CF0E78009C7C51 /* Instagram_cloneUITests.swift in Sources */,
				3B02612627CF0E78009C7C51 /* Instagram_cloneUITestsLaunchTests.swift in Sources */,
			);
			runOnlyForDeploymentPostprocessing = 0;
		};
/* End PBXSourcesBuildPhase section */

/* Begin PBXTargetDependency section */
		3B02611727CF0E78009C7C51 /* PBXTargetDependency */ = {
			isa = PBXTargetDependency;
			target = 3B0260FE27CF0E77009C7C51 /* Instagram_clone */;
			targetProxy = 3B02611627CF0E78009C7C51 /* PBXContainerItemProxy */;
		};
		3B02612127CF0E78009C7C51 /* PBXTargetDependency */ = {
			isa = PBXTargetDependency;
			target = 3B0260FE27CF0E77009C7C51 /* Instagram_clone */;
			targetProxy = 3B02612027CF0E78009C7C51 /* PBXContainerItemProxy */;
		};
/* End PBXTargetDependency section */

/* Begin PBXVariantGroup section */
		3B02610827CF0E77009C7C51 /* Main.storyboard */ = {
			isa = PBXVariantGroup;
			children = (
				3B02610927CF0E77009C7C51 /* Base */,
			);
			name = Main.storyboard;
			sourceTree = "<group>";
		};
		3B02610D27CF0E78009C7C51 /* LaunchScreen.storyboard */ = {
			isa = PBXVariantGroup;
			children = (
				3B02610E27CF0E78009C7C51 /* Base */,
			);
			name = LaunchScreen.storyboard;
			sourceTree = "<group>";
		};
/* End PBXVariantGroup section */

/* Begin XCBuildConfiguration section */
		3B02612727CF0E78009C7C51 /* Debug */ = {
			isa = XCBuildConfiguration;
			buildSettings = {
				ALWAYS_SEARCH_USER_PATHS = NO;
				CLANG_ANALYZER_NONNULL = YES;
				CLANG_ANALYZER_NUMBER_OBJECT_CONVERSION = YES_AGGRESSIVE;
				CLANG_CXX_LANGUAGE_STANDARD = "gnu++17";
				CLANG_CXX_LIBRARY = "libc++";
				CLANG_ENABLE_MODULES = YES;
				CLANG_ENABLE_OBJC_ARC = YES;
				CLANG_ENABLE_OBJC_WEAK = YES;
				CLANG_WARN_BLOCK_CAPTURE_AUTORELEASING = YES;
				CLANG_WARN_BOOL_CONVERSION = YES;
				CLANG_WARN_COMMA = YES;
				CLANG_WARN_CONSTANT_CONVERSION = YES;
				CLANG_WARN_DEPRECATED_OBJC_IMPLEMENTATIONS = YES;
				CLANG_WARN_DIRECT_OBJC_ISA_USAGE = YES_ERROR;
				CLANG_WARN_DOCUMENTATION_COMMENTS = YES;
				CLANG_WARN_EMPTY_BODY = YES;
				CLANG_WARN_ENUM_CONVERSION = YES;
				CLANG_WARN_INFINITE_RECURSION = YES;
				CLANG_WARN_INT_CONVERSION = YES;
				CLANG_WARN_NON_LITERAL_NULL_CONVERSION = YES;
				CLANG_WARN_OBJC_IMPLICIT_RETAIN_SELF = YES;
				CLANG_WARN_OBJC_LITERAL_CONVERSION = YES;
				CLANG_WARN_OBJC_ROOT_CLASS = YES_ERROR;
				CLANG_WARN_QUOTED_INCLUDE_IN_FRAMEWORK_HEADER = YES;
				CLANG_WARN_RANGE_LOOP_ANALYSIS = YES;
				CLANG_WARN_STRICT_PROTOTYPES = YES;
				CLANG_WARN_SUSPICIOUS_MOVE = YES;
				CLANG_WARN_UNGUARDED_AVAILABILITY = YES_AGGRESSIVE;
				CLANG_WARN_UNREACHABLE_CODE = YES;
				CLANG_WARN__DUPLICATE_METHOD_MATCH = YES;
				COPY_PHASE_STRIP = NO;
				DEBUG_INFORMATION_FORMAT = dwarf;
				ENABLE_STRICT_OBJC_MSGSEND = YES;
				ENABLE_TESTABILITY = YES;
				GCC_C_LANGUAGE_STANDARD = gnu11;
				GCC_DYNAMIC_NO_PIC = NO;
				GCC_NO_COMMON_BLOCKS = YES;
				GCC_OPTIMIZATION_LEVEL = 0;
				GCC_PREPROCESSOR_DEFINITIONS = (
					"DEBUG=1",
					"$(inherited)",
				);
				GCC_WARN_64_TO_32_BIT_CONVERSION = YES;
				GCC_WARN_ABOUT_RETURN_TYPE = YES_ERROR;
				GCC_WARN_UNDECLARED_SELECTOR = YES;
				GCC_WARN_UNINITIALIZED_AUTOS = YES_AGGRESSIVE;
				GCC_WARN_UNUSED_FUNCTION = YES;
				GCC_WARN_UNUSED_VARIABLE = YES;
				IPHONEOS_DEPLOYMENT_TARGET = 15.0;
				MTL_ENABLE_DEBUG_INFO = INCLUDE_SOURCE;
				MTL_FAST_MATH = YES;
				ONLY_ACTIVE_ARCH = YES;
				SDKROOT = iphoneos;
				SWIFT_ACTIVE_COMPILATION_CONDITIONS = DEBUG;
				SWIFT_OPTIMIZATION_LEVEL = "-Onone";
			};
			name = Debug;
		};
		3B02612827CF0E78009C7C51 /* Release */ = {
			isa = XCBuildConfiguration;
			buildSettings = {
				ALWAYS_SEARCH_USER_PATHS = NO;
				CLANG_ANALYZER_NONNULL = YES;
				CLANG_ANALYZER_NUMBER_OBJECT_CONVERSION = YES_AGGRESSIVE;
				CLANG_CXX_LANGUAGE_STANDARD = "gnu++17";
				CLANG_CXX_LIBRARY = "libc++";
				CLANG_ENABLE_MODULES = YES;
				CLANG_ENABLE_OBJC_ARC = YES;
				CLANG_ENABLE_OBJC_WEAK = YES;
				CLANG_WARN_BLOCK_CAPTURE_AUTORELEASING = YES;
				CLANG_WARN_BOOL_CONVERSION = YES;
				CLANG_WARN_COMMA = YES;
				CLANG_WARN_CONSTANT_CONVERSION = YES;
				CLANG_WARN_DEPRECATED_OBJC_IMPLEMENTATIONS = YES;
				CLANG_WARN_DIRECT_OBJC_ISA_USAGE = YES_ERROR;
				CLANG_WARN_DOCUMENTATION_COMMENTS = YES;
				CLANG_WARN_EMPTY_BODY = YES;
				CLANG_WARN_ENUM_CONVERSION = YES;
				CLANG_WARN_INFINITE_RECURSION = YES;
				CLANG_WARN_INT_CONVERSION = YES;
				CLANG_WARN_NON_LITERAL_NULL_CONVERSION = YES;
				CLANG_WARN_OBJC_IMPLICIT_RETAIN_SELF = YES;
				CLANG_WARN_OBJC_LITERAL_CONVERSION = YES;
				CLANG_WARN_OBJC_ROOT_CLASS = YES_ERROR;
				CLANG_WARN_QUOTED_INCLUDE_IN_FRAMEWORK_HEADER = YES;
				CLANG_WARN_RANGE_LOOP_ANALYSIS = YES;
				CLANG_WARN_STRICT_PROTOTYPES = YES;
				CLANG_WARN_SUSPICIOUS_MOVE = YES;
				CLANG_WARN_UNGUARDED_AVAILABILITY = YES_AGGRESSIVE;
				CLANG_WARN_UNREACHABLE_CODE = YES;
				CLANG_WARN__DUPLICATE_METHOD_MATCH = YES;
				COPY_PHASE_STRIP = NO;
				DEBUG_INFORMATION_FORMAT = "dwarf-with-dsym";
				ENABLE_NS_ASSERTIONS = NO;
				ENABLE_STRICT_OBJC_MSGSEND = YES;
				GCC_C_LANGUAGE_STANDARD = gnu11;
				GCC_NO_COMMON_BLOCKS = YES;
				GCC_WARN_64_TO_32_BIT_CONVERSION = YES;
				GCC_WARN_ABOUT_RETURN_TYPE = YES_ERROR;
				GCC_WARN_UNDECLARED_SELECTOR = YES;
				GCC_WARN_UNINITIALIZED_AUTOS = YES_AGGRESSIVE;
				GCC_WARN_UNUSED_FUNCTION = YES;
				GCC_WARN_UNUSED_VARIABLE = YES;
				IPHONEOS_DEPLOYMENT_TARGET = 15.0;
				MTL_ENABLE_DEBUG_INFO = NO;
				MTL_FAST_MATH = YES;
				SDKROOT = iphoneos;
				SWIFT_COMPILATION_MODE = wholemodule;
				SWIFT_OPTIMIZATION_LEVEL = "-O";
				VALIDATE_PRODUCT = YES;
			};
			name = Release;
		};
		3B02612A27CF0E78009C7C51 /* Debug */ = {
			isa = XCBuildConfiguration;
			buildSettings = {
				ASSETCATALOG_COMPILER_APPICON_NAME = AppIcon;
				ASSETCATALOG_COMPILER_GLOBAL_ACCENT_COLOR_NAME = AccentColor;
				CODE_SIGN_STYLE = Automatic;
				CURRENT_PROJECT_VERSION = 1;
				DEVELOPMENT_TEAM = 59FZT7FU7H;
				GENERATE_INFOPLIST_FILE = YES;
				INFOPLIST_FILE = Instagram_clone/Info.plist;
				INFOPLIST_KEY_UIApplicationSupportsIndirectInputEvents = YES;
				INFOPLIST_KEY_UILaunchStoryboardName = LaunchScreen;
				INFOPLIST_KEY_UIMainStoryboardFile = Main;
				INFOPLIST_KEY_UISupportedInterfaceOrientations_iPad = "UIInterfaceOrientationPortrait UIInterfaceOrientationPortraitUpsideDown UIInterfaceOrientationLandscapeLeft UIInterfaceOrientationLandscapeRight";
				INFOPLIST_KEY_UISupportedInterfaceOrientations_iPhone = "UIInterfaceOrientationPortrait UIInterfaceOrientationLandscapeLeft UIInterfaceOrientationLandscapeRight";
				LD_RUNPATH_SEARCH_PATHS = (
					"$(inherited)",
					"@executable_path/Frameworks",
				);
				MARKETING_VERSION = 1.0;
				PRODUCT_BUNDLE_IDENTIFIER = "com.david.emyinn.Instagram-clone";
				PRODUCT_NAME = "$(TARGET_NAME)";
				SWIFT_EMIT_LOC_STRINGS = YES;
				SWIFT_VERSION = 5.0;
				TARGETED_DEVICE_FAMILY = "1,2";
			};
			name = Debug;
		};
		3B02612B27CF0E78009C7C51 /* Release */ = {
			isa = XCBuildConfiguration;
			buildSettings = {
				ASSETCATALOG_COMPILER_APPICON_NAME = AppIcon;
				ASSETCATALOG_COMPILER_GLOBAL_ACCENT_COLOR_NAME = AccentColor;
				CODE_SIGN_STYLE = Automatic;
				CURRENT_PROJECT_VERSION = 1;
				DEVELOPMENT_TEAM = 59FZT7FU7H;
				GENERATE_INFOPLIST_FILE = YES;
				INFOPLIST_FILE = Instagram_clone/Info.plist;
				INFOPLIST_KEY_UIApplicationSupportsIndirectInputEvents = YES;
				INFOPLIST_KEY_UILaunchStoryboardName = LaunchScreen;
				INFOPLIST_KEY_UIMainStoryboardFile = Main;
				INFOPLIST_KEY_UISupportedInterfaceOrientations_iPad = "UIInterfaceOrientationPortrait UIInterfaceOrientationPortraitUpsideDown UIInterfaceOrientationLandscapeLeft UIInterfaceOrientationLandscapeRight";
				INFOPLIST_KEY_UISupportedInterfaceOrientations_iPhone = "UIInterfaceOrientationPortrait UIInterfaceOrientationLandscapeLeft UIInterfaceOrientationLandscapeRight";
				LD_RUNPATH_SEARCH_PATHS = (
					"$(inherited)",
					"@executable_path/Frameworks",
				);
				MARKETING_VERSION = 1.0;
				PRODUCT_BUNDLE_IDENTIFIER = "com.david.emyinn.Instagram-clone";
				PRODUCT_NAME = "$(TARGET_NAME)";
				SWIFT_EMIT_LOC_STRINGS = YES;
				SWIFT_VERSION = 5.0;
				TARGETED_DEVICE_FAMILY = "1,2";
			};
			name = Release;
		};
		3B02612D27CF0E78009C7C51 /* Debug */ = {
			isa = XCBuildConfiguration;
			buildSettings = {
				ALWAYS_EMBED_SWIFT_STANDARD_LIBRARIES = YES;
				BUNDLE_LOADER = "$(TEST_HOST)";
				CODE_SIGN_STYLE = Automatic;
				CURRENT_PROJECT_VERSION = 1;
				DEVELOPMENT_TEAM = 59FZT7FU7H;
				GENERATE_INFOPLIST_FILE = YES;
				IPHONEOS_DEPLOYMENT_TARGET = 15.0;
				LD_RUNPATH_SEARCH_PATHS = (
					"$(inherited)",
					"@executable_path/Frameworks",
					"@loader_path/Frameworks",
				);
				MARKETING_VERSION = 1.0;
				PRODUCT_BUNDLE_IDENTIFIER = "com.david.emyinn.Instagram-cloneTests";
				PRODUCT_NAME = "$(TARGET_NAME)";
				SWIFT_EMIT_LOC_STRINGS = NO;
				SWIFT_VERSION = 5.0;
				TARGETED_DEVICE_FAMILY = "1,2";
				TEST_HOST = "$(BUILT_PRODUCTS_DIR)/Instagram_clone.app/Instagram_clone";
			};
			name = Debug;
		};
		3B02612E27CF0E78009C7C51 /* Release */ = {
			isa = XCBuildConfiguration;
			buildSettings = {
				ALWAYS_EMBED_SWIFT_STANDARD_LIBRARIES = YES;
				BUNDLE_LOADER = "$(TEST_HOST)";
				CODE_SIGN_STYLE = Automatic;
				CURRENT_PROJECT_VERSION = 1;
				DEVELOPMENT_TEAM = 59FZT7FU7H;
				GENERATE_INFOPLIST_FILE = YES;
				IPHONEOS_DEPLOYMENT_TARGET = 15.0;
				LD_RUNPATH_SEARCH_PATHS = (
					"$(inherited)",
					"@executable_path/Frameworks",
					"@loader_path/Frameworks",
				);
				MARKETING_VERSION = 1.0;
				PRODUCT_BUNDLE_IDENTIFIER = "com.david.emyinn.Instagram-cloneTests";
				PRODUCT_NAME = "$(TARGET_NAME)";
				SWIFT_EMIT_LOC_STRINGS = NO;
				SWIFT_VERSION = 5.0;
				TARGETED_DEVICE_FAMILY = "1,2";
				TEST_HOST = "$(BUILT_PRODUCTS_DIR)/Instagram_clone.app/Instagram_clone";
			};
			name = Release;
		};
		3B02613027CF0E78009C7C51 /* Debug */ = {
			isa = XCBuildConfiguration;
			buildSettings = {
				ALWAYS_EMBED_SWIFT_STANDARD_LIBRARIES = YES;
				CODE_SIGN_STYLE = Automatic;
				CURRENT_PROJECT_VERSION = 1;
				DEVELOPMENT_TEAM = 59FZT7FU7H;
				GENERATE_INFOPLIST_FILE = YES;
				LD_RUNPATH_SEARCH_PATHS = (
					"$(inherited)",
					"@executable_path/Frameworks",
					"@loader_path/Frameworks",
				);
				MARKETING_VERSION = 1.0;
				PRODUCT_BUNDLE_IDENTIFIER = "com.david.emyinn.Instagram-cloneUITests";
				PRODUCT_NAME = "$(TARGET_NAME)";
				SWIFT_EMIT_LOC_STRINGS = NO;
				SWIFT_VERSION = 5.0;
				TARGETED_DEVICE_FAMILY = "1,2";
				TEST_TARGET_NAME = Instagram_clone;
			};
			name = Debug;
		};
		3B02613127CF0E78009C7C51 /* Release */ = {
			isa = XCBuildConfiguration;
			buildSettings = {
				ALWAYS_EMBED_SWIFT_STANDARD_LIBRARIES = YES;
				CODE_SIGN_STYLE = Automatic;
				CURRENT_PROJECT_VERSION = 1;
				DEVELOPMENT_TEAM = 59FZT7FU7H;
				GENERATE_INFOPLIST_FILE = YES;
				LD_RUNPATH_SEARCH_PATHS = (
					"$(inherited)",
					"@executable_path/Frameworks",
					"@loader_path/Frameworks",
				);
				MARKETING_VERSION = 1.0;
				PRODUCT_BUNDLE_IDENTIFIER = "com.david.emyinn.Instagram-cloneUITests";
				PRODUCT_NAME = "$(TARGET_NAME)";
				SWIFT_EMIT_LOC_STRINGS = NO;
				SWIFT_VERSION = 5.0;
				TARGETED_DEVICE_FAMILY = "1,2";
				TEST_TARGET_NAME = Instagram_clone;
			};
			name = Release;
		};
/* End XCBuildConfiguration section */

/* Begin XCConfigurationList section */
		3B0260FA27CF0E77009C7C51 /* Build configuration list for PBXProject "Instagram_clone" */ = {
			isa = XCConfigurationList;
			buildConfigurations = (
				3B02612727CF0E78009C7C51 /* Debug */,
				3B02612827CF0E78009C7C51 /* Release */,
			);
			defaultConfigurationIsVisible = 0;
			defaultConfigurationName = Release;
		};
		3B02612927CF0E78009C7C51 /* Build configuration list for PBXNativeTarget "Instagram_clone" */ = {
			isa = XCConfigurationList;
			buildConfigurations = (
				3B02612A27CF0E78009C7C51 /* Debug */,
				3B02612B27CF0E78009C7C51 /* Release */,
			);
			defaultConfigurationIsVisible = 0;
			defaultConfigurationName = Release;
		};
		3B02612C27CF0E78009C7C51 /* Build configuration list for PBXNativeTarget "Instagram_cloneTests" */ = {
			isa = XCConfigurationList;
			buildConfigurations = (
				3B02612D27CF0E78009C7C51 /* Debug */,
				3B02612E27CF0E78009C7C51 /* Release */,
			);
			defaultConfigurationIsVisible = 0;
			defaultConfigurationName = Release;
		};
		3B02612F27CF0E78009C7C51 /* Build configuration list for PBXNativeTarget "Instagram_cloneUITests" */ = {
			isa = XCConfigurationList;
			buildConfigurations = (
				3B02613027CF0E78009C7C51 /* Debug */,
				3B02613127CF0E78009C7C51 /* Release */,
			);
			defaultConfigurationIsVisible = 0;
			defaultConfigurationName = Release;
		};
/* End XCConfigurationList section */
	};
	rootObject = 3B0260F727CF0E77009C7C51 /* Project object */;
}
