// !$*UTF8*$!
{
	archiveVersion = 1;
	classes = {
	};
	objectVersion = 55;
	objects = {

/* Begin PBXBuildFile section */
		1E42E959BE5E1F1D0BA19BC7 /* Pods_Instagram_clone.framework in Frameworks */ = {isa = PBXBuildFile; fileRef = 258F36649E0B8417DB48B4C6 /* Pods_Instagram_clone.framework */; };
		3B02610327CF0E77009C7C51 /* AppDelegate.swift in Sources */ = {isa = PBXBuildFile; fileRef = 3B02610227CF0E77009C7C51 /* AppDelegate.swift */; };
		3B02610527CF0E77009C7C51 /* SceneDelegate.swift in Sources */ = {isa = PBXBuildFile; fileRef = 3B02610427CF0E77009C7C51 /* SceneDelegate.swift */; };
		3B02610A27CF0E77009C7C51 /* Main.storyboard in Resources */ = {isa = PBXBuildFile; fileRef = 3B02610827CF0E77009C7C51 /* Main.storyboard */; };
		3B02610C27CF0E78009C7C51 /* Assets.xcassets in Resources */ = {isa = PBXBuildFile; fileRef = 3B02610B27CF0E78009C7C51 /* Assets.xcassets */; };
		3B02610F27CF0E78009C7C51 /* LaunchScreen.storyboard in Resources */ = {isa = PBXBuildFile; fileRef = 3B02610D27CF0E78009C7C51 /* LaunchScreen.storyboard */; };
		3B02611A27CF0E78009C7C51 /* Instagram_cloneTests.swift in Sources */ = {isa = PBXBuildFile; fileRef = 3B02611927CF0E78009C7C51 /* Instagram_cloneTests.swift */; };
		3B02612427CF0E78009C7C51 /* Instagram_cloneUITests.swift in Sources */ = {isa = PBXBuildFile; fileRef = 3B02612327CF0E78009C7C51 /* Instagram_cloneUITests.swift */; };
		3B02612627CF0E78009C7C51 /* Instagram_cloneUITestsLaunchTests.swift in Sources */ = {isa = PBXBuildFile; fileRef = 3B02612527CF0E78009C7C51 /* Instagram_cloneUITestsLaunchTests.swift */; };
		3B02613327CF1499009C7C51 /* LoginViewController.swift in Sources */ = {isa = PBXBuildFile; fileRef = 3B02613227CF1499009C7C51 /* LoginViewController.swift */; };
		3B02613527CF14AF009C7C51 /* FeedViewController.swift in Sources */ = {isa = PBXBuildFile; fileRef = 3B02613427CF14AF009C7C51 /* FeedViewController.swift */; };
		3B02613727CF1E79009C7C51 /* CameraViewController.swift in Sources */ = {isa = PBXBuildFile; fileRef = 3B02613627CF1E79009C7C51 /* CameraViewController.swift */; };
		3B02613927CF27F4009C7C51 /* PostCell.swift in Sources */ = {isa = PBXBuildFile; fileRef = 3B02613827CF27F4009C7C51 /* PostCell.swift */; };
		3B53C72727DACB0100EBED38 /* CommentCell.swift in Sources */ = {isa = PBXBuildFile; fileRef = 3B53C72627DACB0100EBED38 /* CommentCell.swift */; };
		4FB2EB6A58467977188D449A /* Pods_Instagram_clone_Instagram_cloneUITests.framework in Frameworks */ = {isa = PBXBuildFile; fileRef = BA4AEE017EA55CF67A1EA662 /* Pods_Instagram_clone_Instagram_cloneUITests.framework */; };
		71D60F041C96537C9C253EC8 /* Pods_Instagram_cloneTests.framework in Frameworks */ = {isa = PBXBuildFile; fileRef = 25C197E130457CC937FE1889 /* Pods_Instagram_cloneTests.framework */; };
/* End PBXBuildFile section */

/* Begin PBXContainerItemProxy section */
		3B02611627CF0E78009C7C51 /* PBXContainerItemProxy */ = {
			isa = PBXContainerItemProxy;
			containerPortal = 3B0260F727CF0E77009C7C51 /* Project object */;
			proxyType = 1;
			remoteGlobalIDString = 3B0260FE27CF0E77009C7C51;
			remoteInfo = Instagram_clone;
		};
		3B02612027CF0E78009C7C51 /* PBXContainerItemProxy */ = {
			isa = PBXContainerItemProxy;
			containerPortal = 3B0260F727CF0E77009C7C51 /* Project object */;
			proxyType = 1;
			remoteGlobalIDString = 3B0260FE27CF0E77009C7C51;
			remoteInfo = Instagram_clone;
		};
/* End PBXContainerItemProxy section */

/* Begin PBXFileReference section */
		173FE06A61E1B5D29548575F /* Pods-Instagram_clone-Instagram_cloneUITests.release.xcconfig */ = {isa = PBXFileReference; includeInIndex = 1; lastKnownFileType = text.xcconfig; name = "Pods-Instagram_clone-Instagram_cloneUITests.release.xcconfig"; path = "Target Support Files/Pods-Instagram_clone-Instagram_cloneUITests/Pods-Instagram_clone-Instagram_cloneUITests.release.xcconfig"; sourceTree = "<group>"; };
		258F36649E0B8417DB48B4C6 /* Pods_Instagram_clone.framework */ = {isa = PBXFileReference; explicitFileType = wrapper.framework; includeInIndex = 0; path = Pods_Instagram_clone.framework; sourceTree = BUILT_PRODUCTS_DIR; };
		25C197E130457CC937FE1889 /* Pods_Instagram_cloneTests.framework */ = {isa = PBXFileReference; explicitFileType = wrapper.framework; includeInIndex = 0; path = Pods_Instagram_cloneTests.framework; sourceTree = BUILT_PRODUCTS_DIR; };
		3B0260FF27CF0E77009C7C51 /* Instagram_clone.app */ = {isa = PBXFileReference; explicitFileType = wrapper.application; includeInIndex = 0; path = Instagram_clone.app; sourceTree = BUILT_PRODUCTS_DIR; };
		3B02610227CF0E77009C7C51 /* AppDelegate.swift */ = {isa = PBXFileReference; lastKnownFileType = sourcecode.swift; path = AppDelegate.swift; sourceTree = "<group>"; };
		3B02610427CF0E77009C7C51 /* SceneDelegate.swift */ = {isa = PBXFileReference; lastKnownFileType = sourcecode.swift; path = SceneDelegate.swift; sourceTree = "<group>"; };
		3B02610927CF0E77009C7C51 /* Base */ = {isa = PBXFileReference; lastKnownFileType = file.storyboard; name = Base; path = Base.lproj/Main.storyboard; sourceTree = "<group>"; };
		3B02610B27CF0E78009C7C51 /* Assets.xcassets */ = {isa = PBXFileReference; lastKnownFileType = folder.assetcatalog; path = Assets.xcassets; sourceTree = "<group>"; };
		3B02610E27CF0E78009C7C51 /* Base */ = {isa = PBXFileReference; lastKnownFileType = file.storyboard; name = Base; path = Base.lproj/LaunchScreen.storyboard; sourceTree = "<group>"; };
		3B02611027CF0E78009C7C51 /* Info.plist */ = {isa = PBXFileReference; lastKnownFileType = text.plist.xml; path = Info.plist; sourceTree = "<group>"; };
		3B02611527CF0E78009C7C51 /* Instagram_cloneTests.xctest */ = {isa = PBXFileReference; explicitFileType = wrapper.cfbundle; includeInIndex = 0; path = Instagram_cloneTests.xctest; sourceTree = BUILT_PRODUCTS_DIR; };
		3B02611927CF0E78009C7C51 /* Instagram_cloneTests.swift */ = {isa = PBXFileReference; lastKnownFileType = sourcecode.swift; path = Instagram_cloneTests.swift; sourceTree = "<group>"; };
		3B02611F27CF0E78009C7C51 /* Instagram_cloneUITests.xctest */ = {isa = PBXFileReference; explicitFileType = wrapper.cfbundle; includeInIndex = 0; path = Instagram_cloneUITests.xctest; sourceTree = BUILT_PRODUCTS_DIR; };
		3B02612327CF0E78009C7C51 /* Instagram_cloneUITests.swift */ = {isa = PBXFileReference; lastKnownFileType = sourcecode.swift; path = Instagram_cloneUITests.swift; sourceTree = "<group>"; };
		3B02612527CF0E78009C7C51 /* Instagram_cloneUITestsLaunchTests.swift */ = {isa = PBXFileReference; lastKnownFileType = sourcecode.swift; path = Instagram_cloneUITestsLaunchTests.swift; sourceTree = "<group>"; };
		3B02613227CF1499009C7C51 /* LoginViewController.swift */ = {isa = PBXFileReference; lastKnownFileType = sourcecode.swift; path = LoginViewController.swift; sourceTree = "<group>"; };
		3B02613427CF14AF009C7C51 /* FeedViewController.swift */ = {isa = PBXFileReference; lastKnownFileType = sourcecode.swift; path = FeedViewController.swift; sourceTree = "<group>"; };
		3B02613627CF1E79009C7C51 /* CameraViewController.swift */ = {isa = PBXFileReference; lastKnownFileType = sourcecode.swift; path = CameraViewController.swift; sourceTree = "<group>"; };
		3B02613827CF27F4009C7C51 /* PostCell.swift */ = {isa = PBXFileReference; lastKnownFileType = sourcecode.swift; path = PostCell.swift; sourceTree = "<group>"; };
		3B53C72627DACB0100EBED38 /* CommentCell.swift */ = {isa = PBXFileReference; lastKnownFileType = sourcecode.swift; path = CommentCell.swift; sourceTree = "<group>"; };
		40BD22BF8D3704EF55FFB9D5 /* Pods-Instagram_cloneTests.release.xcconfig */ = {isa = PBXFileReference; includeInIndex = 1; lastKnownFileType = text.xcconfig; name = "Pods-Instagram_cloneTests.release.xcconfig"; path = "Target Support Files/Pods-Instagram_cloneTests/Pods-Instagram_cloneTests.release.xcconfig"; sourceTree = "<group>"; };
		5C64BD333A47065365A13EA4 /* Pods-Instagram_clone-Instagram_cloneUITests.debug.xcconfig */ = {isa = PBXFileReference; includeInIndex = 1; lastKnownFileType = text.xcconfig; name = "Pods-Instagram_clone-Instagram_cloneUITests.debug.xcconfig"; path = "Target Support Files/Pods-Instagram_clone-Instagram_cloneUITests/Pods-Instagram_clone-Instagram_cloneUITests.debug.xcconfig"; sourceTree = "<group>"; };
		6B347DAA8389CE68120FF549 /* Pods-Instagram_clone.release.xcconfig */ = {isa = PBXFileReference; includeInIndex = 1; lastKnownFileType = text.xcconfig; name = "Pods-Instagram_clone.release.xcconfig"; path = "Target Support Files/Pods-Instagram_clone/Pods-Instagram_clone.release.xcconfig"; sourceTree = "<group>"; };
		BA4AEE017EA55CF67A1EA662 /* Pods_Instagram_clone_Instagram_cloneUITests.framework */ = {isa = PBXFileReference; explicitFileType = wrapper.framework; includeInIndex = 0; path = Pods_Instagram_clone_Instagram_cloneUITests.framework; sourceTree = BUILT_PRODUCTS_DIR; };
		FCD715E0EDD33A26322909DA /* Pods-Instagram_cloneTests.debug.xcconfig */ = {isa = PBXFileReference; includeInIndex = 1; lastKnownFileType = text.xcconfig; name = "Pods-Instagram_cloneTests.debug.xcconfig"; path = "Target Support Files/Pods-Instagram_cloneTests/Pods-Instagram_cloneTests.debug.xcconfig"; sourceTree = "<group>"; };
		FD5EA6ADE49EA6808ED8646E /* Pods-Instagram_clone.debug.xcconfig */ = {isa = PBXFileReference; includeInIndex = 1; lastKnownFileType = text.xcconfig; name = "Pods-Instagram_clone.debug.xcconfig"; path = "Target Support Files/Pods-Instagram_clone/Pods-Instagram_clone.debug.xcconfig"; sourceTree = "<group>"; };
/* End PBXFileReference section */

/* Begin PBXFrameworksBuildPhase section */
		3B0260FC27CF0E77009C7C51 /* Frameworks */ = {
			isa = PBXFrameworksBuildPhase;
			buildActionMask = 2147483647;
			files = (
				1E42E959BE5E1F1D0BA19BC7 /* Pods_Instagram_clone.framework in Frameworks */,
			);
			runOnlyForDeploymentPostprocessing = 0;
		};
		3B02611227CF0E78009C7C51 /* Frameworks */ = {
			isa = PBXFrameworksBuildPhase;
			buildActionMask = 2147483647;
			files = (
				71D60F041C96537C9C253EC8 /* Pods_Instagram_cloneTests.framework in Frameworks */,
			);
			runOnlyForDeploymentPostprocessing = 0;
		};
		3B02611C27CF0E78009C7C51 /* Frameworks */ = {
			isa = PBXFrameworksBuildPhase;
			buildActionMask = 2147483647;
			files = (
				4FB2EB6A58467977188D449A /* Pods_Instagram_clone_Instagram_cloneUITests.framework in Frameworks */,
			);
			runOnlyForDeploymentPostprocessing = 0;
		};
/* End PBXFrameworksBuildPhase section */

/* Begin PBXGroup section */
		3B0260F627CF0E77009C7C51 = {
			isa = PBXGroup;
			children = (
				3B02610127CF0E77009C7C51 /* Instagram_clone */,
				3B02611827CF0E78009C7C51 /* Instagram_cloneTests */,
				3B02612227CF0E78009C7C51 /* Instagram_cloneUITests */,
				3B02610027CF0E77009C7C51 /* Products */,
				4EAF060B14C384F3A37D6A02 /* Pods */,
				A9692ED80476434D8120333C /* Frameworks */,
			);
			sourceTree = "<group>";
		};
		3B02610027CF0E77009C7C51 /* Products */ = {
			isa = PBXGroup;
			children = (
				3B0260FF27CF0E77009C7C51 /* Instagram_clone.app */,
				3B02611527CF0E78009C7C51 /* Instagram_cloneTests.xctest */,
				3B02611F27CF0E78009C7C51 /* Instagram_cloneUITests.xctest */,
			);
			name = Products;
			sourceTree = "<group>";
		};
		3B02610127CF0E77009C7C51 /* Instagram_clone */ = {
			isa = PBXGroup;
			children = (
				3B02610227CF0E77009C7C51 /* AppDelegate.swift */,
				3B02610427CF0E77009C7C51 /* SceneDelegate.swift */,
				3B02610827CF0E77009C7C51 /* Main.storyboard */,
				3B02610B27CF0E78009C7C51 /* Assets.xcassets */,
				3B02610D27CF0E78009C7C51 /* LaunchScreen.storyboard */,
				3B02611027CF0E78009C7C51 /* Info.plist */,
				3B02613227CF1499009C7C51 /* LoginViewController.swift */,
				3B02613427CF14AF009C7C51 /* FeedViewController.swift */,
				3B02613627CF1E79009C7C51 /* CameraViewController.swift */,
				3B02613827CF27F4009C7C51 /* PostCell.swift */,
				3B53C72627DACB0100EBED38 /* CommentCell.swift */,
			);
			path = Instagram_clone;
			sourceTree = "<group>";
		};
		3B02611827CF0E78009C7C51 /* Instagram_cloneTests */ = {
			isa = PBXGroup;
			children = (
				3B02611927CF0E78009C7C51 /* Instagram_cloneTests.swift */,
			);
			path = Instagram_cloneTests;
			sourceTree = "<group>";
		};
		3B02612227CF0E78009C7C51 /* Instagram_cloneUITests */ = {
			isa = PBXGroup;
			children = (
				3B02612327CF0E78009C7C51 /* Instagram_cloneUITests.swift */,
				3B02612527CF0E78009C7C51 /* Instagram_cloneUITestsLaunchTests.swift */,
			);
			path = Instagram_cloneUITests;
			sourceTree = "<group>";
		};
		4EAF060B14C384F3A37D6A02 /* Pods */ = {
			isa = PBXGroup;
			children = (
				FD5EA6ADE49EA6808ED8646E /* Pods-Instagram_clone.debug.xcconfig */,
				6B347DAA8389CE68120FF549 /* Pods-Instagram_clone.release.xcconfig */,
				5C64BD333A47065365A13EA4 /* Pods-Instagram_clone-Instagram_cloneUITests.debug.xcconfig */,
				173FE06A61E1B5D29548575F /* Pods-Instagram_clone-Instagram_cloneUITests.release.xcconfig */,
				FCD715E0EDD33A26322909DA /* Pods-Instagram_cloneTests.debug.xcconfig */,
				40BD22BF8D3704EF55FFB9D5 /* Pods-Instagram_cloneTests.release.xcconfig */,
			);
			path = Pods;
			sourceTree = "<group>";
		};
		A9692ED80476434D8120333C /* Frameworks */ = {
			isa = PBXGroup;
			children = (
				258F36649E0B8417DB48B4C6 /* Pods_Instagram_clone.framework */,
				BA4AEE017EA55CF67A1EA662 /* Pods_Instagram_clone_Instagram_cloneUITests.framework */,
				25C197E130457CC937FE1889 /* Pods_Instagram_cloneTests.framework */,
			);
			name = Frameworks;
			sourceTree = "<group>";
		};
/* End PBXGroup section */

/* Begin PBXNativeTarget section */
		3B0260FE27CF0E77009C7C51 /* Instagram_clone */ = {
			isa = PBXNativeTarget;
			buildConfigurationList = 3B02612927CF0E78009C7C51 /* Build configuration list for PBXNativeTarget "Instagram_clone" */;
			buildPhases = (
				1E6E3B0BAA07ED6F8272B68A /* [CP] Check Pods Manifest.lock */,
				3B0260FB27CF0E77009C7C51 /* Sources */,
				3B0260FC27CF0E77009C7C51 /* Frameworks */,
				3B0260FD27CF0E77009C7C51 /* Resources */,
				57EEA59112221662C25DF01C /* [CP] Embed Pods Frameworks */,
			);
			buildRules = (
			);
			dependencies = (
			);
			name = Instagram_clone;
			productName = Instagram_clone;
			productReference = 3B0260FF27CF0E77009C7C51 /* Instagram_clone.app */;
			productType = "com.apple.product-type.application";
		};
		3B02611427CF0E78009C7C51 /* Instagram_cloneTests */ = {
			isa = PBXNativeTarget;
			buildConfigurationList = 3B02612C27CF0E78009C7C51 /* Build configuration list for PBXNativeTarget "Instagram_cloneTests" */;
			buildPhases = (
				34B741194B00B4BA94300ADC /* [CP] Check Pods Manifest.lock */,
				3B02611127CF0E78009C7C51 /* Sources */,
				3B02611227CF0E78009C7C51 /* Frameworks */,
				3B02611327CF0E78009C7C51 /* Resources */,
			);
			buildRules = (
			);
			dependencies = (
				3B02611727CF0E78009C7C51 /* PBXTargetDependency */,
			);
			name = Instagram_cloneTests;
			productName = Instagram_cloneTests;
			productReference = 3B02611527CF0E78009C7C51 /* Instagram_cloneTests.xctest */;
			productType = "com.apple.product-type.bundle.unit-test";
		};
		3B02611E27CF0E78009C7C51 /* Instagram_cloneUITests */ = {
			isa = PBXNativeTarget;
			buildConfigurationList = 3B02612F27CF0E78009C7C51 /* Build configuration list for PBXNativeTarget "Instagram_cloneUITests" */;
			buildPhases = (
				7A37190F9B938D13E44FCF22 /* [CP] Check Pods Manifest.lock */,
				3B02611B27CF0E78009C7C51 /* Sources */,
				3B02611C27CF0E78009C7C51 /* Frameworks */,
				3B02611D27CF0E78009C7C51 /* Resources */,
				DE87E179396858BEDC2D842F /* [CP] Embed Pods Frameworks */,
			);
			buildRules = (
			);
			dependencies = (
				3B02612127CF0E78009C7C51 /* PBXTargetDependency */,
			);
			name = Instagram_cloneUITests;
			productName = Instagram_cloneUITests;
			productReference = 3B02611F27CF0E78009C7C51 /* Instagram_cloneUITests.xctest */;
			productType = "com.apple.product-type.bundle.ui-testing";
		};
/* End PBXNativeTarget section */

/* Begin PBXProject section */
		3B0260F727CF0E77009C7C51 /* Project object */ = {
			isa = PBXProject;
			attributes = {
				BuildIndependentTargetsInParallel = 1;
				LastSwiftUpdateCheck = 1310;
				LastUpgradeCheck = 1310;
				TargetAttributes = {
					3B0260FE27CF0E77009C7C51 = {
						CreatedOnToolsVersion = 13.1;
					};
					3B02611427CF0E78009C7C51 = {
						CreatedOnToolsVersion = 13.1;
						TestTargetID = 3B0260FE27CF0E77009C7C51;
					};
					3B02611E27CF0E78009C7C51 = {
						CreatedOnToolsVersion = 13.1;
						TestTargetID = 3B0260FE27CF0E77009C7C51;
					};
				};
			};
			buildConfigurationList = 3B0260FA27CF0E77009C7C51 /* Build configuration list for PBXProject "Instagram_clone" */;
			compatibilityVersion = "Xcode 13.0";
			developmentRegion = en;
			hasScannedForEncodings = 0;
			knownRegions = (
				en,
				Base,
			);
			mainGroup = 3B0260F627CF0E77009C7C51;
			productRefGroup = 3B02610027CF0E77009C7C51 /* Products */;
			projectDirPath = "";
			projectRoot = "";
			targets = (
				3B0260FE27CF0E77009C7C51 /* Instagram_clone */,
				3B02611427CF0E78009C7C51 /* Instagram_cloneTests */,
				3B02611E27CF0E78009C7C51 /* Instagram_cloneUITests */,
			);
		};
/* End PBXProject section */

/* Begin PBXResourcesBuildPhase section */
		3B0260FD27CF0E77009C7C51 /* Resources */ = {
			isa = PBXResourcesBuildPhase;
			buildActionMask = 2147483647;
			files = (
				3B02610F27CF0E78009C7C51 /* LaunchScreen.storyboard in Resources */,
				3B02610C27CF0E78009C7C51 /* Assets.xcassets in Resources */,
				3B02610A27CF0E77009C7C51 /* Main.storyboard in Resources */,
			);
			runOnlyForDeploymentPostprocessing = 0;
		};
		3B02611327CF0E78009C7C51 /* Resources */ = {
			isa = PBXResourcesBuildPhase;
			buildActionMask = 2147483647;
			files = (
			);
			runOnlyForDeploymentPostprocessing = 0;
		};
		3B02611D27CF0E78009C7C51 /* Resources */ = {
			isa = PBXResourcesBuildPhase;
			buildActionMask = 2147483647;
			files = (
			);
			runOnlyForDeploymentPostprocessing = 0;
		};
/* End PBXResourcesBuildPhase section */

/* Begin PBXShellScriptBuildPhase section */
		1E6E3B0BAA07ED6F8272B68A /* [CP] Check Pods Manifest.lock */ = {
			isa = PBXShellScriptBuildPhase;
			buildActionMask = 2147483647;
			files = (
			);
			inputFileListPaths = (
			);
			inputPaths = (
				"${PODS_PODFILE_DIR_PATH}/Podfile.lock",
				"${PODS_ROOT}/Manifest.lock",
			);
			name = "[CP] Check Pods Manifest.lock";
			outputFileListPaths = (
			);
			outputPaths = (
				"$(DERIVED_FILE_DIR)/Pods-Instagram_clone-checkManifestLockResult.txt",
			);
			runOnlyForDeploymentPostprocessing = 0;
			shellPath = /bin/sh;
			shellScript = "diff \"${PODS_PODFILE_DIR_PATH}/Podfile.lock\" \"${PODS_ROOT}/Manifest.lock\" > /dev/null\nif [ $? != 0 ] ; then\n    # print error to STDERR\n    echo \"error: The sandbox is not in sync with the Podfile.lock. Run 'pod install' or update your CocoaPods installation.\" >&2\n    exit 1\nfi\n# This output is used by Xcode 'outputs' to avoid re-running this script phase.\necho \"SUCCESS\" > \"${SCRIPT_OUTPUT_FILE_0}\"\n";
			showEnvVarsInLog = 0;
		};
		34B741194B00B4BA94300ADC /* [CP] Check Pods Manifest.lock */ = {
			isa = PBXShellScriptBuildPhase;
			buildActionMask = 2147483647;
			files = (
			);
			inputFileListPaths = (
			);
			inputPaths = (
				"${PODS_PODFILE_DIR_PATH}/Podfile.lock",
				"${PODS_ROOT}/Manifest.lock",
			);
			name = "[CP] Check Pods Manifest.lock";
			outputFileListPaths = (
			);
			outputPaths = (
				"$(DERIVED_FILE_DIR)/Pods-Instagram_cloneTests-checkManifestLockResult.txt",
			);
			runOnlyForDeploymentPostprocessing = 0;
			shellPath = /bin/sh;
			shellScript = "diff \"${PODS_PODFILE_DIR_PATH}/Podfile.lock\" \"${PODS_ROOT}/Manifest.lock\" > /dev/null\nif [ $? != 0 ] ; then\n    # print error to STDERR\n    echo \"error: The sandbox is not in sync with the Podfile.lock. Run 'pod install' or update your CocoaPods installation.\" >&2\n    exit 1\nfi\n# This output is used by Xcode 'outputs' to avoid re-running this script phase.\necho \"SUCCESS\" > \"${SCRIPT_OUTPUT_FILE_0}\"\n";
			showEnvVarsInLog = 0;
		};
		57EEA59112221662C25DF01C /* [CP] Embed Pods Frameworks */ = {
			isa = PBXShellScriptBuildPhase;
			buildActionMask = 2147483647;
			files = (
			);
			inputFileListPaths = (
				"${PODS_ROOT}/Target Support Files/Pods-Instagram_clone/Pods-Instagram_clone-frameworks-${CONFIGURATION}-input-files.xcfilelist",
			);
			name = "[CP] Embed Pods Frameworks";
			outputFileListPaths = (
				"${PODS_ROOT}/Target Support Files/Pods-Instagram_clone/Pods-Instagram_clone-frameworks-${CONFIGURATION}-output-files.xcfilelist",
			);
			runOnlyForDeploymentPostprocessing = 0;
			shellPath = /bin/sh;
			shellScript = "\"${PODS_ROOT}/Target Support Files/Pods-Instagram_clone/Pods-Instagram_clone-frameworks.sh\"\n";
			showEnvVarsInLog = 0;
		};
		7A37190F9B938D13E44FCF22 /* [CP] Check Pods Manifest.lock */ = {
			isa = PBXShellScriptBuildPhase;
			buildActionMask = 2147483647;
			files = (
			);
			inputFileListPaths = (
			);
			inputPaths = (
				"${PODS_PODFILE_DIR_PATH}/Podfile.lock",
				"${PODS_ROOT}/Manifest.lock",
			);
			name = "[CP] Check Pods Manifest.lock";
			outputFileListPaths = (
			);
			outputPaths = (
				"$(DERIVED_FILE_DIR)/Pods-Instagram_clone-Instagram_cloneUITests-checkManifestLockResult.txt",
			);
			runOnlyForDeploymentPostprocessing = 0;
			shellPath = /bin/sh;
			shellScript = "diff \"${PODS_PODFILE_DIR_PATH}/Podfile.lock\" \"${PODS_ROOT}/Manifest.lock\" > /dev/null\nif [ $? != 0 ] ; then\n    # print error to STDERR\n    echo \"error: The sandbox is not in sync with the Podfile.lock. Run 'pod install' or update your CocoaPods installation.\" >&2\n    exit 1\nfi\n# This output is used by Xcode 'outputs' to avoid re-running this script phase.\necho \"SUCCESS\" > \"${SCRIPT_OUTPUT_FILE_0}\"\n";
			showEnvVarsInLog = 0;
		};
		DE87E179396858BEDC2D842F /* [CP] Embed Pods Frameworks */ = {
			isa = PBXShellScriptBuildPhase;
			buildActionMask = 2147483647;
			files = (
			);
			inputFileListPaths = (
				"${PODS_ROOT}/Target Support Files/Pods-Instagram_clone-Instagram_cloneUITests/Pods-Instagram_clone-Instagram_cloneUITests-frameworks-${CONFIGURATION}-input-files.xcfilelist",
			);
			name = "[CP] Embed Pods Frameworks";
			outputFileListPaths = (
				"${PODS_ROOT}/Target Support Files/Pods-Instagram_clone-Instagram_cloneUITests/Pods-Instagram_clone-Instagram_cloneUITests-frameworks-${CONFIGURATION}-output-files.xcfilelist",
			);
			runOnlyForDeploymentPostprocessing = 0;
			shellPath = /bin/sh;
			shellScript = "\"${PODS_ROOT}/Target Support Files/Pods-Instagram_clone-Instagram_cloneUITests/Pods-Instagram_clone-Instagram_cloneUITests-frameworks.sh\"\n";
			showEnvVarsInLog = 0;
		};
/* End PBXShellScriptBuildPhase section */

/* Begin PBXSourcesBuildPhase section */
		3B0260FB27CF0E77009C7C51 /* Sources */ = {
			isa = PBXSourcesBuildPhase;
			buildActionMask = 2147483647;
			files = (
				3B02613327CF1499009C7C51 /* LoginViewController.swift in Sources */,
				3B02613727CF1E79009C7C51 /* CameraViewController.swift in Sources */,
				3B02610327CF0E77009C7C51 /* AppDelegate.swift in Sources */,
				3B02613527CF14AF009C7C51 /* FeedViewController.swift in Sources */,
				3B02610527CF0E77009C7C51 /* SceneDelegate.swift in Sources */,
				3B02613927CF27F4009C7C51 /* PostCell.swift in Sources */,
				3B53C72727DACB0100EBED38 /* CommentCell.swift in Sources */,
			);
			runOnlyForDeploymentPostprocessing = 0;
		};
		3B02611127CF0E78009C7C51 /* Sources */ = {
			isa = PBXSourcesBuildPhase;
			buildActionMask = 2147483647;
			files = (
				3B02611A27CF0E78009C7C51 /* Instagram_cloneTests.swift in Sources */,
			);
			runOnlyForDeploymentPostprocessing = 0;
		};
		3B02611B27CF0E78009C7C51 /* Sources */ = {
			isa = PBXSourcesBuildPhase;
			buildActionMask = 2147483647;
			files = (
				3B02612427CF0E78009C7C51 /* Instagram_cloneUITests.swift in Sources */,
				3B02612627CF0E78009C7C51 /* Instagram_cloneUITestsLaunchTests.swift in Sources */,
			);
			runOnlyForDeploymentPostprocessing = 0;
		};
/* End PBXSourcesBuildPhase section */

/* Begin PBXTargetDependency section */
		3B02611727CF0E78009C7C51 /* PBXTargetDependency */ = {
			isa = PBXTargetDependency;
			target = 3B0260FE27CF0E77009C7C51 /* Instagram_clone */;
			targetProxy = 3B02611627CF0E78009C7C51 /* PBXContainerItemProxy */;
		};
		3B02612127CF0E78009C7C51 /* PBXTargetDependency */ = {
			isa = PBXTargetDependency;
			target = 3B0260FE27CF0E77009C7C51 /* Instagram_clone */;
			targetProxy = 3B02612027CF0E78009C7C51 /* PBXContainerItemProxy */;
		};
/* End PBXTargetDependency section */

/* Begin PBXVariantGroup section */
		3B02610827CF0E77009C7C51 /* Main.storyboard */ = {
			isa = PBXVariantGroup;
			children = (
				3B02610927CF0E77009C7C51 /* Base */,
			);
			name = Main.storyboard;
			sourceTree = "<group>";
		};
		3B02610D27CF0E78009C7C51 /* LaunchScreen.storyboard */ = {
			isa = PBXVariantGroup;
			children = (
				3B02610E27CF0E78009C7C51 /* Base */,
			);
			name = LaunchScreen.storyboard;
			sourceTree = "<group>";
		};
/* End PBXVariantGroup section */

/* Begin XCBuildConfiguration section */
		3B02612727CF0E78009C7C51 /* Debug */ = {
			isa = XCBuildConfiguration;
			buildSettings = {
				ALWAYS_SEARCH_USER_PATHS = NO;
				CLANG_ANALYZER_NONNULL = YES;
				CLANG_ANALYZER_NUMBER_OBJECT_CONVERSION = YES_AGGRESSIVE;
				CLANG_CXX_LANGUAGE_STANDARD = "gnu++17";
				CLANG_CXX_LIBRARY = "libc++";
				CLANG_ENABLE_MODULES = YES;
				CLANG_ENABLE_OBJC_ARC = YES;
				CLANG_ENABLE_OBJC_WEAK = YES;
				CLANG_WARN_BLOCK_CAPTURE_AUTORELEASING = YES;
				CLANG_WARN_BOOL_CONVERSION = YES;
				CLANG_WARN_COMMA = YES;
				CLANG_WARN_CONSTANT_CONVERSION = YES;
				CLANG_WARN_DEPRECATED_OBJC_IMPLEMENTATIONS = YES;
				CLANG_WARN_DIRECT_OBJC_ISA_USAGE = YES_ERROR;
				CLANG_WARN_DOCUMENTATION_COMMENTS = YES;
				CLANG_WARN_EMPTY_BODY = YES;
				CLANG_WARN_ENUM_CONVERSION = YES;
				CLANG_WARN_INFINITE_RECURSION = YES;
				CLANG_WARN_INT_CONVERSION = YES;
				CLANG_WARN_NON_LITERAL_NULL_CONVERSION = YES;
				CLANG_WARN_OBJC_IMPLICIT_RETAIN_SELF = YES;
				CLANG_WARN_OBJC_LITERAL_CONVERSION = YES;
				CLANG_WARN_OBJC_ROOT_CLASS = YES_ERROR;
				CLANG_WARN_QUOTED_INCLUDE_IN_FRAMEWORK_HEADER = YES;
				CLANG_WARN_RANGE_LOOP_ANALYSIS = YES;
				CLANG_WARN_STRICT_PROTOTYPES = YES;
				CLANG_WARN_SUSPICIOUS_MOVE = YES;
				CLANG_WARN_UNGUARDED_AVAILABILITY = YES_AGGRESSIVE;
				CLANG_WARN_UNREACHABLE_CODE = YES;
				CLANG_WARN__DUPLICATE_METHOD_MATCH = YES;
				COPY_PHASE_STRIP = NO;
				DEBUG_INFORMATION_FORMAT = dwarf;
				ENABLE_STRICT_OBJC_MSGSEND = YES;
				ENABLE_TESTABILITY = YES;
				GCC_C_LANGUAGE_STANDARD = gnu11;
				GCC_DYNAMIC_NO_PIC = NO;
				GCC_NO_COMMON_BLOCKS = YES;
				GCC_OPTIMIZATION_LEVEL = 0;
				GCC_PREPROCESSOR_DEFINITIONS = (
					"DEBUG=1",
					"$(inherited)",
				);
				GCC_WARN_64_TO_32_BIT_CONVERSION = YES;
				GCC_WARN_ABOUT_RETURN_TYPE = YES_ERROR;
				GCC_WARN_UNDECLARED_SELECTOR = YES;
				GCC_WARN_UNINITIALIZED_AUTOS = YES_AGGRESSIVE;
				GCC_WARN_UNUSED_FUNCTION = YES;
				GCC_WARN_UNUSED_VARIABLE = YES;
				IPHONEOS_DEPLOYMENT_TARGET = 15.0;
				MTL_ENABLE_DEBUG_INFO = INCLUDE_SOURCE;
				MTL_FAST_MATH = YES;
				ONLY_ACTIVE_ARCH = YES;
				SDKROOT = iphoneos;
				SWIFT_ACTIVE_COMPILATION_CONDITIONS = DEBUG;
				SWIFT_OPTIMIZATION_LEVEL = "-Onone";
			};
			name = Debug;
		};
		3B02612827CF0E78009C7C51 /* Release */ = {
			isa = XCBuildConfiguration;
			buildSettings = {
				ALWAYS_SEARCH_USER_PATHS = NO;
				CLANG_ANALYZER_NONNULL = YES;
				CLANG_ANALYZER_NUMBER_OBJECT_CONVERSION = YES_AGGRESSIVE;
				CLANG_CXX_LANGUAGE_STANDARD = "gnu++17";
				CLANG_CXX_LIBRARY = "libc++";
				CLANG_ENABLE_MODULES = YES;
				CLANG_ENABLE_OBJC_ARC = YES;
				CLANG_ENABLE_OBJC_WEAK = YES;
				CLANG_WARN_BLOCK_CAPTURE_AUTORELEASING = YES;
				CLANG_WARN_BOOL_CONVERSION = YES;
				CLANG_WARN_COMMA = YES;
				CLANG_WARN_CONSTANT_CONVERSION = YES;
				CLANG_WARN_DEPRECATED_OBJC_IMPLEMENTATIONS = YES;
				CLANG_WARN_DIRECT_OBJC_ISA_USAGE = YES_ERROR;
				CLANG_WARN_DOCUMENTATION_COMMENTS = YES;
				CLANG_WARN_EMPTY_BODY = YES;
				CLANG_WARN_ENUM_CONVERSION = YES;
				CLANG_WARN_INFINITE_RECURSION = YES;
				CLANG_WARN_INT_CONVERSION = YES;
				CLANG_WARN_NON_LITERAL_NULL_CONVERSION = YES;
				CLANG_WARN_OBJC_IMPLICIT_RETAIN_SELF = YES;
				CLANG_WARN_OBJC_LITERAL_CONVERSION = YES;
				CLANG_WARN_OBJC_ROOT_CLASS = YES_ERROR;
				CLANG_WARN_QUOTED_INCLUDE_IN_FRAMEWORK_HEADER = YES;
				CLANG_WARN_RANGE_LOOP_ANALYSIS = YES;
				CLANG_WARN_STRICT_PROTOTYPES = YES;
				CLANG_WARN_SUSPICIOUS_MOVE = YES;
				CLANG_WARN_UNGUARDED_AVAILABILITY = YES_AGGRESSIVE;
				CLANG_WARN_UNREACHABLE_CODE = YES;
				CLANG_WARN__DUPLICATE_METHOD_MATCH = YES;
				COPY_PHASE_STRIP = NO;
				DEBUG_INFORMATION_FORMAT = "dwarf-with-dsym";
				ENABLE_NS_ASSERTIONS = NO;
				ENABLE_STRICT_OBJC_MSGSEND = YES;
				GCC_C_LANGUAGE_STANDARD = gnu11;
				GCC_NO_COMMON_BLOCKS = YES;
				GCC_WARN_64_TO_32_BIT_CONVERSION = YES;
				GCC_WARN_ABOUT_RETURN_TYPE = YES_ERROR;
				GCC_WARN_UNDECLARED_SELECTOR = YES;
				GCC_WARN_UNINITIALIZED_AUTOS = YES_AGGRESSIVE;
				GCC_WARN_UNUSED_FUNCTION = YES;
				GCC_WARN_UNUSED_VARIABLE = YES;
				IPHONEOS_DEPLOYMENT_TARGET = 15.0;
				MTL_ENABLE_DEBUG_INFO = NO;
				MTL_FAST_MATH = YES;
				SDKROOT = iphoneos;
				SWIFT_COMPILATION_MODE = wholemodule;
				SWIFT_OPTIMIZATION_LEVEL = "-O";
				VALIDATE_PRODUCT = YES;
			};
			name = Release;
		};
		3B02612A27CF0E78009C7C51 /* Debug */ = {
			isa = XCBuildConfiguration;
			baseConfigurationReference = FD5EA6ADE49EA6808ED8646E /* Pods-Instagram_clone.debug.xcconfig */;
			buildSettings = {
				ASSETCATALOG_COMPILER_APPICON_NAME = AppIcon;
				ASSETCATALOG_COMPILER_GLOBAL_ACCENT_COLOR_NAME = AccentColor;
				CODE_SIGN_STYLE = Automatic;
				CURRENT_PROJECT_VERSION = 1;
				DEVELOPMENT_TEAM = 59FZT7FU7H;
				GENERATE_INFOPLIST_FILE = YES;
				INFOPLIST_FILE = Instagram_clone/Info.plist;
				INFOPLIST_KEY_UIApplicationSupportsIndirectInputEvents = YES;
				INFOPLIST_KEY_UILaunchStoryboardName = LaunchScreen;
				INFOPLIST_KEY_UIMainStoryboardFile = Main;
				INFOPLIST_KEY_UISupportedInterfaceOrientations_iPad = "UIInterfaceOrientationPortrait UIInterfaceOrientationPortraitUpsideDown UIInterfaceOrientationLandscapeLeft UIInterfaceOrientationLandscapeRight";
				INFOPLIST_KEY_UISupportedInterfaceOrientations_iPhone = "UIInterfaceOrientationPortrait UIInterfaceOrientationLandscapeLeft UIInterfaceOrientationLandscapeRight";
				LD_RUNPATH_SEARCH_PATHS = (
					"$(inherited)",
					"@executable_path/Frameworks",
				);
				MARKETING_VERSION = 1.0;
				PRODUCT_BUNDLE_IDENTIFIER = "com.david.emyinn.Instagram-clone";
				PRODUCT_NAME = "$(TARGET_NAME)";
				SWIFT_EMIT_LOC_STRINGS = YES;
				SWIFT_VERSION = 5.0;
				TARGETED_DEVICE_FAMILY = "1,2";
			};
			name = Debug;
		};
		3B02612B27CF0E78009C7C51 /* Release */ = {
			isa = XCBuildConfiguration;
			baseConfigurationReference = 6B347DAA8389CE68120FF549 /* Pods-Instagram_clone.release.xcconfig */;
			buildSettings = {
				ASSETCATALOG_COMPILER_APPICON_NAME = AppIcon;
				ASSETCATALOG_COMPILER_GLOBAL_ACCENT_COLOR_NAME = AccentColor;
				CODE_SIGN_STYLE = Automatic;
				CURRENT_PROJECT_VERSION = 1;
				DEVELOPMENT_TEAM = 59FZT7FU7H;
				GENERATE_INFOPLIST_FILE = YES;
				INFOPLIST_FILE = Instagram_clone/Info.plist;
				INFOPLIST_KEY_UIApplicationSupportsIndirectInputEvents = YES;
				INFOPLIST_KEY_UILaunchStoryboardName = LaunchScreen;
				INFOPLIST_KEY_UIMainStoryboardFile = Main;
				INFOPLIST_KEY_UISupportedInterfaceOrientations_iPad = "UIInterfaceOrientationPortrait UIInterfaceOrientationPortraitUpsideDown UIInterfaceOrientationLandscapeLeft UIInterfaceOrientationLandscapeRight";
				INFOPLIST_KEY_UISupportedInterfaceOrientations_iPhone = "UIInterfaceOrientationPortrait UIInterfaceOrientationLandscapeLeft UIInterfaceOrientationLandscapeRight";
				LD_RUNPATH_SEARCH_PATHS = (
					"$(inherited)",
					"@executable_path/Frameworks",
				);
				MARKETING_VERSION = 1.0;
				PRODUCT_BUNDLE_IDENTIFIER = "com.david.emyinn.Instagram-clone";
				PRODUCT_NAME = "$(TARGET_NAME)";
				SWIFT_EMIT_LOC_STRINGS = YES;
				SWIFT_VERSION = 5.0;
				TARGETED_DEVICE_FAMILY = "1,2";
			};
			name = Release;
		};
		3B02612D27CF0E78009C7C51 /* Debug */ = {
			isa = XCBuildConfiguration;
			baseConfigurationReference = FCD715E0EDD33A26322909DA /* Pods-Instagram_cloneTests.debug.xcconfig */;
			buildSettings = {
				ALWAYS_EMBED_SWIFT_STANDARD_LIBRARIES = YES;
				BUNDLE_LOADER = "$(TEST_HOST)";
				CODE_SIGN_STYLE = Automatic;
				CURRENT_PROJECT_VERSION = 1;
				DEVELOPMENT_TEAM = 59FZT7FU7H;
				GENERATE_INFOPLIST_FILE = YES;
				IPHONEOS_DEPLOYMENT_TARGET = 15.0;
				LD_RUNPATH_SEARCH_PATHS = (
					"$(inherited)",
					"@executable_path/Frameworks",
					"@loader_path/Frameworks",
				);
				MARKETING_VERSION = 1.0;
				PRODUCT_BUNDLE_IDENTIFIER = "com.david.emyinn.Instagram-cloneTests";
				PRODUCT_NAME = "$(TARGET_NAME)";
				SWIFT_EMIT_LOC_STRINGS = NO;
				SWIFT_VERSION = 5.0;
				TARGETED_DEVICE_FAMILY = "1,2";
				TEST_HOST = "$(BUILT_PRODUCTS_DIR)/Instagram_clone.app/Instagram_clone";
			};
			name = Debug;
		};
		3B02612E27CF0E78009C7C51 /* Release */ = {
			isa = XCBuildConfiguration;
			baseConfigurationReference = 40BD22BF8D3704EF55FFB9D5 /* Pods-Instagram_cloneTests.release.xcconfig */;
			buildSettings = {
				ALWAYS_EMBED_SWIFT_STANDARD_LIBRARIES = YES;
				BUNDLE_LOADER = "$(TEST_HOST)";
				CODE_SIGN_STYLE = Automatic;
				CURRENT_PROJECT_VERSION = 1;
				DEVELOPMENT_TEAM = 59FZT7FU7H;
				GENERATE_INFOPLIST_FILE = YES;
				IPHONEOS_DEPLOYMENT_TARGET = 15.0;
				LD_RUNPATH_SEARCH_PATHS = (
					"$(inherited)",
					"@executable_path/Frameworks",
					"@loader_path/Frameworks",
				);
				MARKETING_VERSION = 1.0;
				PRODUCT_BUNDLE_IDENTIFIER = "com.david.emyinn.Instagram-cloneTests";
				PRODUCT_NAME = "$(TARGET_NAME)";
				SWIFT_EMIT_LOC_STRINGS = NO;
				SWIFT_VERSION = 5.0;
				TARGETED_DEVICE_FAMILY = "1,2";
				TEST_HOST = "$(BUILT_PRODUCTS_DIR)/Instagram_clone.app/Instagram_clone";
			};
			name = Release;
		};
		3B02613027CF0E78009C7C51 /* Debug */ = {
			isa = XCBuildConfiguration;
			baseConfigurationReference = 5C64BD333A47065365A13EA4 /* Pods-Instagram_clone-Instagram_cloneUITests.debug.xcconfig */;
			buildSettings = {
				ALWAYS_EMBED_SWIFT_STANDARD_LIBRARIES = YES;
				CODE_SIGN_STYLE = Automatic;
				CURRENT_PROJECT_VERSION = 1;
				DEVELOPMENT_TEAM = 59FZT7FU7H;
				GENERATE_INFOPLIST_FILE = YES;
				LD_RUNPATH_SEARCH_PATHS = (
					"$(inherited)",
					"@executable_path/Frameworks",
					"@loader_path/Frameworks",
				);
				MARKETING_VERSION = 1.0;
				PRODUCT_BUNDLE_IDENTIFIER = "com.david.emyinn.Instagram-cloneUITests";
				PRODUCT_NAME = "$(TARGET_NAME)";
				SWIFT_EMIT_LOC_STRINGS = NO;
				SWIFT_VERSION = 5.0;
				TARGETED_DEVICE_FAMILY = "1,2";
				TEST_TARGET_NAME = Instagram_clone;
			};
			name = Debug;
		};
		3B02613127CF0E78009C7C51 /* Release */ = {
			isa = XCBuildConfiguration;
			baseConfigurationReference = 173FE06A61E1B5D29548575F /* Pods-Instagram_clone-Instagram_cloneUITests.release.xcconfig */;
			buildSettings = {
				ALWAYS_EMBED_SWIFT_STANDARD_LIBRARIES = YES;
				CODE_SIGN_STYLE = Automatic;
				CURRENT_PROJECT_VERSION = 1;
				DEVELOPMENT_TEAM = 59FZT7FU7H;
				GENERATE_INFOPLIST_FILE = YES;
				LD_RUNPATH_SEARCH_PATHS = (
					"$(inherited)",
					"@executable_path/Frameworks",
					"@loader_path/Frameworks",
				);
				MARKETING_VERSION = 1.0;
				PRODUCT_BUNDLE_IDENTIFIER = "com.david.emyinn.Instagram-cloneUITests";
				PRODUCT_NAME = "$(TARGET_NAME)";
				SWIFT_EMIT_LOC_STRINGS = NO;
				SWIFT_VERSION = 5.0;
				TARGETED_DEVICE_FAMILY = "1,2";
				TEST_TARGET_NAME = Instagram_clone;
			};
			name = Release;
		};
/* End XCBuildConfiguration section */

/* Begin XCConfigurationList section */
		3B0260FA27CF0E77009C7C51 /* Build configuration list for PBXProject "Instagram_clone" */ = {
			isa = XCConfigurationList;
			buildConfigurations = (
				3B02612727CF0E78009C7C51 /* Debug */,
				3B02612827CF0E78009C7C51 /* Release */,
			);
			defaultConfigurationIsVisible = 0;
			defaultConfigurationName = Release;
		};
		3B02612927CF0E78009C7C51 /* Build configuration list for PBXNativeTarget "Instagram_clone" */ = {
			isa = XCConfigurationList;
			buildConfigurations = (
				3B02612A27CF0E78009C7C51 /* Debug */,
				3B02612B27CF0E78009C7C51 /* Release */,
			);
			defaultConfigurationIsVisible = 0;
			defaultConfigurationName = Release;
		};
		3B02612C27CF0E78009C7C51 /* Build configuration list for PBXNativeTarget "Instagram_cloneTests" */ = {
			isa = XCConfigurationList;
			buildConfigurations = (
				3B02612D27CF0E78009C7C51 /* Debug */,
				3B02612E27CF0E78009C7C51 /* Release */,
			);
			defaultConfigurationIsVisible = 0;
			defaultConfigurationName = Release;
		};
		3B02612F27CF0E78009C7C51 /* Build configuration list for PBXNativeTarget "Instagram_cloneUITests" */ = {
			isa = XCConfigurationList;
			buildConfigurations = (
				3B02613027CF0E78009C7C51 /* Debug */,
				3B02613127CF0E78009C7C51 /* Release */,
			);
			defaultConfigurationIsVisible = 0;
			defaultConfigurationName = Release;
		};
/* End XCConfigurationList section */
	};
	rootObject = 3B0260F727CF0E77009C7C51 /* Project object */;
}
